// !$*UTF8*$!
{
	archiveVersion = 1;
	classes = {
	};
	objectVersion = 50;
	objects = {

/* Begin PBXBuildFile section */
		057DC78A215CEC7D0089BB55 /* AlbumViewCell.swift in Sources */ = {isa = PBXBuildFile; fileRef = 057DC789215CEC7D0089BB55 /* AlbumViewCell.swift */; };
		3D1BD276215CD305000C6995 /* ProgressTableViewController.swift in Sources */ = {isa = PBXBuildFile; fileRef = 3D1BD275215CD305000C6995 /* ProgressTableViewController.swift */; };
		3D1BD278215CD9B6000C6995 /* TrophiesTableViewController.swift in Sources */ = {isa = PBXBuildFile; fileRef = 3D1BD277215CD9B6000C6995 /* TrophiesTableViewController.swift */; };
		3D1BD27A215CDBA3000C6995 /* StickersTableViewController.swift in Sources */ = {isa = PBXBuildFile; fileRef = 3D1BD279215CDBA3000C6995 /* StickersTableViewController.swift */; };
		3D1BD27C215CDC37000C6995 /* AlbumTableViewController.swift in Sources */ = {isa = PBXBuildFile; fileRef = 3D1BD27B215CDC37000C6995 /* AlbumTableViewController.swift */; };
		3D1BD27E215CDCB5000C6995 /* SettingsTableViewController.swift in Sources */ = {isa = PBXBuildFile; fileRef = 3D1BD27D215CDCB5000C6995 /* SettingsTableViewController.swift */; };
		3D1BD280215CE8E6000C6995 /* PopupViewController.swift in Sources */ = {isa = PBXBuildFile; fileRef = 3D1BD27F215CE8E6000C6995 /* PopupViewController.swift */; };
		3D71706F215BC853006F6A2E /* MapKit.framework in Frameworks */ = {isa = PBXBuildFile; fileRef = 3D71706E215BC853006F6A2E /* MapKit.framework */; };
		3D8ACA91215B9257000B7119 /* AppDelegate.swift in Sources */ = {isa = PBXBuildFile; fileRef = 3D8ACA90215B9257000B7119 /* AppDelegate.swift */; };
		3D8ACA96215B9257000B7119 /* Main.storyboard in Resources */ = {isa = PBXBuildFile; fileRef = 3D8ACA94215B9257000B7119 /* Main.storyboard */; };
		3D8ACA98215B9257000B7119 /* Assets.xcassets in Resources */ = {isa = PBXBuildFile; fileRef = 3D8ACA97215B9257000B7119 /* Assets.xcassets */; };
		3D8ACA9B215B9257000B7119 /* LaunchScreen.storyboard in Resources */ = {isa = PBXBuildFile; fileRef = 3D8ACA99215B9257000B7119 /* LaunchScreen.storyboard */; };
		3D8ACAA6215B9258000B7119 /* homeappTests.swift in Sources */ = {isa = PBXBuildFile; fileRef = 3D8ACAA5215B9258000B7119 /* homeappTests.swift */; };
		3D8ACAB1215B9258000B7119 /* homeappUITests.swift in Sources */ = {isa = PBXBuildFile; fileRef = 3D8ACAB0215B9258000B7119 /* homeappUITests.swift */; };
		3D8ACAC1215B92E2000B7119 /* SWRevealViewController.m in Sources */ = {isa = PBXBuildFile; fileRef = 3D8ACABF215B92E2000B7119 /* SWRevealViewController.m */; };
		3D8ACAC3215B9497000B7119 /* ViewController.swift in Sources */ = {isa = PBXBuildFile; fileRef = 3D8ACAC2215B9497000B7119 /* ViewController.swift */; };
		3DF29674215BB0A9008F1B8B /* ProfileTableViewController.swift in Sources */ = {isa = PBXBuildFile; fileRef = 3DF29673215BB0A9008F1B8B /* ProfileTableViewController.swift */; };
/* End PBXBuildFile section */

/* Begin PBXContainerItemProxy section */
		3D8ACAA2215B9257000B7119 /* PBXContainerItemProxy */ = {
			isa = PBXContainerItemProxy;
			containerPortal = 3D8ACA85215B9257000B7119 /* Project object */;
			proxyType = 1;
			remoteGlobalIDString = 3D8ACA8C215B9257000B7119;
			remoteInfo = homeapp;
		};
		3D8ACAAD215B9258000B7119 /* PBXContainerItemProxy */ = {
			isa = PBXContainerItemProxy;
			containerPortal = 3D8ACA85215B9257000B7119 /* Project object */;
			proxyType = 1;
			remoteGlobalIDString = 3D8ACA8C215B9257000B7119;
			remoteInfo = homeapp;
		};
/* End PBXContainerItemProxy section */

/* Begin PBXFileReference section */
		057DC789215CEC7D0089BB55 /* AlbumViewCell.swift */ = {isa = PBXFileReference; lastKnownFileType = sourcecode.swift; path = AlbumViewCell.swift; sourceTree = "<group>"; };
		3D1BD275215CD305000C6995 /* ProgressTableViewController.swift */ = {isa = PBXFileReference; lastKnownFileType = sourcecode.swift; path = ProgressTableViewController.swift; sourceTree = "<group>"; };
		3D1BD277215CD9B6000C6995 /* TrophiesTableViewController.swift */ = {isa = PBXFileReference; lastKnownFileType = sourcecode.swift; path = TrophiesTableViewController.swift; sourceTree = "<group>"; };
		3D1BD279215CDBA3000C6995 /* StickersTableViewController.swift */ = {isa = PBXFileReference; lastKnownFileType = sourcecode.swift; path = StickersTableViewController.swift; sourceTree = "<group>"; };
		3D1BD27B215CDC37000C6995 /* AlbumTableViewController.swift */ = {isa = PBXFileReference; lastKnownFileType = sourcecode.swift; path = AlbumTableViewController.swift; sourceTree = "<group>"; };
		3D1BD27D215CDCB5000C6995 /* SettingsTableViewController.swift */ = {isa = PBXFileReference; lastKnownFileType = sourcecode.swift; path = SettingsTableViewController.swift; sourceTree = "<group>"; };
		3D1BD27F215CE8E6000C6995 /* PopupViewController.swift */ = {isa = PBXFileReference; lastKnownFileType = sourcecode.swift; path = PopupViewController.swift; sourceTree = "<group>"; };
		3D71706E215BC853006F6A2E /* MapKit.framework */ = {isa = PBXFileReference; lastKnownFileType = wrapper.framework; name = MapKit.framework; path = System/Library/Frameworks/MapKit.framework; sourceTree = SDKROOT; };
		3D8ACA8D215B9257000B7119 /* homeapp.app */ = {isa = PBXFileReference; explicitFileType = wrapper.application; includeInIndex = 0; path = homeapp.app; sourceTree = BUILT_PRODUCTS_DIR; };
		3D8ACA90215B9257000B7119 /* AppDelegate.swift */ = {isa = PBXFileReference; lastKnownFileType = sourcecode.swift; path = AppDelegate.swift; sourceTree = "<group>"; };
		3D8ACA95215B9257000B7119 /* Base */ = {isa = PBXFileReference; lastKnownFileType = file.storyboard; name = Base; path = Base.lproj/Main.storyboard; sourceTree = "<group>"; };
		3D8ACA97215B9257000B7119 /* Assets.xcassets */ = {isa = PBXFileReference; lastKnownFileType = folder.assetcatalog; path = Assets.xcassets; sourceTree = "<group>"; };
		3D8ACA9A215B9257000B7119 /* Base */ = {isa = PBXFileReference; lastKnownFileType = file.storyboard; name = Base; path = Base.lproj/LaunchScreen.storyboard; sourceTree = "<group>"; };
		3D8ACA9C215B9257000B7119 /* Info.plist */ = {isa = PBXFileReference; lastKnownFileType = text.plist.xml; path = Info.plist; sourceTree = "<group>"; };
		3D8ACAA1215B9257000B7119 /* homeappTests.xctest */ = {isa = PBXFileReference; explicitFileType = wrapper.cfbundle; includeInIndex = 0; path = homeappTests.xctest; sourceTree = BUILT_PRODUCTS_DIR; };
		3D8ACAA5215B9258000B7119 /* homeappTests.swift */ = {isa = PBXFileReference; lastKnownFileType = sourcecode.swift; path = homeappTests.swift; sourceTree = "<group>"; };
		3D8ACAA7215B9258000B7119 /* Info.plist */ = {isa = PBXFileReference; lastKnownFileType = text.plist.xml; path = Info.plist; sourceTree = "<group>"; };
		3D8ACAAC215B9258000B7119 /* homeappUITests.xctest */ = {isa = PBXFileReference; explicitFileType = wrapper.cfbundle; includeInIndex = 0; path = homeappUITests.xctest; sourceTree = BUILT_PRODUCTS_DIR; };
		3D8ACAB0215B9258000B7119 /* homeappUITests.swift */ = {isa = PBXFileReference; lastKnownFileType = sourcecode.swift; path = homeappUITests.swift; sourceTree = "<group>"; };
		3D8ACAB2215B9258000B7119 /* Info.plist */ = {isa = PBXFileReference; lastKnownFileType = text.plist.xml; path = Info.plist; sourceTree = "<group>"; };
		3D8ACABE215B92E1000B7119 /* homeapp-Bridging-Header.h */ = {isa = PBXFileReference; lastKnownFileType = sourcecode.c.h; path = "homeapp-Bridging-Header.h"; sourceTree = "<group>"; };
		3D8ACABF215B92E2000B7119 /* SWRevealViewController.m */ = {isa = PBXFileReference; fileEncoding = 4; lastKnownFileType = sourcecode.c.objc; path = SWRevealViewController.m; sourceTree = "<group>"; };
		3D8ACAC0215B92E2000B7119 /* SWRevealViewController.h */ = {isa = PBXFileReference; fileEncoding = 4; lastKnownFileType = sourcecode.c.h; path = SWRevealViewController.h; sourceTree = "<group>"; };
		3D8ACAC2215B9497000B7119 /* ViewController.swift */ = {isa = PBXFileReference; lastKnownFileType = sourcecode.swift; path = ViewController.swift; sourceTree = "<group>"; };
		3DF29673215BB0A9008F1B8B /* ProfileTableViewController.swift */ = {isa = PBXFileReference; lastKnownFileType = sourcecode.swift; path = ProfileTableViewController.swift; sourceTree = "<group>"; };
/* End PBXFileReference section */

/* Begin PBXFrameworksBuildPhase section */
		3D8ACA8A215B9257000B7119 /* Frameworks */ = {
			isa = PBXFrameworksBuildPhase;
			buildActionMask = 2147483647;
			files = (
				3D71706F215BC853006F6A2E /* MapKit.framework in Frameworks */,
			);
			runOnlyForDeploymentPostprocessing = 0;
		};
		3D8ACA9E215B9257000B7119 /* Frameworks */ = {
			isa = PBXFrameworksBuildPhase;
			buildActionMask = 2147483647;
			files = (
			);
			runOnlyForDeploymentPostprocessing = 0;
		};
		3D8ACAA9215B9258000B7119 /* Frameworks */ = {
			isa = PBXFrameworksBuildPhase;
			buildActionMask = 2147483647;
			files = (
			);
			runOnlyForDeploymentPostprocessing = 0;
		};
/* End PBXFrameworksBuildPhase section */

/* Begin PBXGroup section */
		3D71706D215BC853006F6A2E /* Frameworks */ = {
			isa = PBXGroup;
			children = (
				3D71706E215BC853006F6A2E /* MapKit.framework */,
			);
			name = Frameworks;
			sourceTree = "<group>";
		};
		3D8ACA84215B9257000B7119 = {
			isa = PBXGroup;
			children = (
				3D8ACA8F215B9257000B7119 /* homeapp */,
				3D8ACAA4215B9258000B7119 /* homeappTests */,
				3D8ACAAF215B9258000B7119 /* homeappUITests */,
				3D8ACA8E215B9257000B7119 /* Products */,
				3D71706D215BC853006F6A2E /* Frameworks */,
			);
			sourceTree = "<group>";
		};
		3D8ACA8E215B9257000B7119 /* Products */ = {
			isa = PBXGroup;
			children = (
				3D8ACA8D215B9257000B7119 /* homeapp.app */,
				3D8ACAA1215B9257000B7119 /* homeappTests.xctest */,
				3D8ACAAC215B9258000B7119 /* homeappUITests.xctest */,
			);
			name = Products;
			sourceTree = "<group>";
		};
		3D8ACA8F215B9257000B7119 /* homeapp */ = {
			isa = PBXGroup;
			children = (
				3D8ACA90215B9257000B7119 /* AppDelegate.swift */,
				3D8ACA94215B9257000B7119 /* Main.storyboard */,
				3D8ACA97215B9257000B7119 /* Assets.xcassets */,
				3D8ACA99215B9257000B7119 /* LaunchScreen.storyboard */,
				3D1BD27F215CE8E6000C6995 /* PopupViewController.swift */,
				3D1BD27D215CDCB5000C6995 /* SettingsTableViewController.swift */,
				3D1BD27B215CDC37000C6995 /* AlbumTableViewController.swift */,
				057DC789215CEC7D0089BB55 /* AlbumViewCell.swift */,
				3D1BD279215CDBA3000C6995 /* StickersTableViewController.swift */,
				3D1BD277215CD9B6000C6995 /* TrophiesTableViewController.swift */,
				3D1BD275215CD305000C6995 /* ProgressTableViewController.swift */,
				3DF29673215BB0A9008F1B8B /* ProfileTableViewController.swift */,
				3D8ACAC2215B9497000B7119 /* ViewController.swift */,
				3D8ACA9C215B9257000B7119 /* Info.plist */,
				3D8ACAC0215B92E2000B7119 /* SWRevealViewController.h */,
				3D8ACABF215B92E2000B7119 /* SWRevealViewController.m */,
				3D8ACABE215B92E1000B7119 /* homeapp-Bridging-Header.h */,
			);
			path = homeapp;
			sourceTree = "<group>";
		};
		3D8ACAA4215B9258000B7119 /* homeappTests */ = {
			isa = PBXGroup;
			children = (
				3D8ACAA5215B9258000B7119 /* homeappTests.swift */,
				3D8ACAA7215B9258000B7119 /* Info.plist */,
			);
			path = homeappTests;
			sourceTree = "<group>";
		};
		3D8ACAAF215B9258000B7119 /* homeappUITests */ = {
			isa = PBXGroup;
			children = (
				3D8ACAB0215B9258000B7119 /* homeappUITests.swift */,
				3D8ACAB2215B9258000B7119 /* Info.plist */,
			);
			path = homeappUITests;
			sourceTree = "<group>";
		};
/* End PBXGroup section */

/* Begin PBXNativeTarget section */
		3D8ACA8C215B9257000B7119 /* homeapp */ = {
			isa = PBXNativeTarget;
			buildConfigurationList = 3D8ACAB5215B9258000B7119 /* Build configuration list for PBXNativeTarget "homeapp" */;
			buildPhases = (
				3D8ACA89215B9257000B7119 /* Sources */,
				3D8ACA8A215B9257000B7119 /* Frameworks */,
				3D8ACA8B215B9257000B7119 /* Resources */,
			);
			buildRules = (
			);
			dependencies = (
			);
			name = homeapp;
			productName = homeapp;
			productReference = 3D8ACA8D215B9257000B7119 /* homeapp.app */;
			productType = "com.apple.product-type.application";
		};
		3D8ACAA0215B9257000B7119 /* homeappTests */ = {
			isa = PBXNativeTarget;
			buildConfigurationList = 3D8ACAB8215B9258000B7119 /* Build configuration list for PBXNativeTarget "homeappTests" */;
			buildPhases = (
				3D8ACA9D215B9257000B7119 /* Sources */,
				3D8ACA9E215B9257000B7119 /* Frameworks */,
				3D8ACA9F215B9257000B7119 /* Resources */,
			);
			buildRules = (
			);
			dependencies = (
				3D8ACAA3215B9257000B7119 /* PBXTargetDependency */,
			);
			name = homeappTests;
			productName = homeappTests;
			productReference = 3D8ACAA1215B9257000B7119 /* homeappTests.xctest */;
			productType = "com.apple.product-type.bundle.unit-test";
		};
		3D8ACAAB215B9258000B7119 /* homeappUITests */ = {
			isa = PBXNativeTarget;
			buildConfigurationList = 3D8ACABB215B9258000B7119 /* Build configuration list for PBXNativeTarget "homeappUITests" */;
			buildPhases = (
				3D8ACAA8215B9258000B7119 /* Sources */,
				3D8ACAA9215B9258000B7119 /* Frameworks */,
				3D8ACAAA215B9258000B7119 /* Resources */,
			);
			buildRules = (
			);
			dependencies = (
				3D8ACAAE215B9258000B7119 /* PBXTargetDependency */,
			);
			name = homeappUITests;
			productName = homeappUITests;
			productReference = 3D8ACAAC215B9258000B7119 /* homeappUITests.xctest */;
			productType = "com.apple.product-type.bundle.ui-testing";
		};
/* End PBXNativeTarget section */

/* Begin PBXProject section */
		3D8ACA85215B9257000B7119 /* Project object */ = {
			isa = PBXProject;
			attributes = {
				LastSwiftUpdateCheck = 0940;
				LastUpgradeCheck = 0940;
				ORGANIZATIONNAME = iOSFoundation;
				TargetAttributes = {
					3D8ACA8C215B9257000B7119 = {
						CreatedOnToolsVersion = 9.4.1;
						LastSwiftMigration = 0940;
						SystemCapabilities = {
							com.apple.Maps.iOS = {
								enabled = 1;
							};
						};
					};
					3D8ACAA0215B9257000B7119 = {
						CreatedOnToolsVersion = 9.4.1;
						TestTargetID = 3D8ACA8C215B9257000B7119;
					};
					3D8ACAAB215B9258000B7119 = {
						CreatedOnToolsVersion = 9.4.1;
						TestTargetID = 3D8ACA8C215B9257000B7119;
					};
				};
			};
			buildConfigurationList = 3D8ACA88215B9257000B7119 /* Build configuration list for PBXProject "homeapp" */;
			compatibilityVersion = "Xcode 9.3";
			developmentRegion = en;
			hasScannedForEncodings = 0;
			knownRegions = (
				en,
				Base,
			);
			mainGroup = 3D8ACA84215B9257000B7119;
			productRefGroup = 3D8ACA8E215B9257000B7119 /* Products */;
			projectDirPath = "";
			projectRoot = "";
			targets = (
				3D8ACA8C215B9257000B7119 /* homeapp */,
				3D8ACAA0215B9257000B7119 /* homeappTests */,
				3D8ACAAB215B9258000B7119 /* homeappUITests */,
			);
		};
/* End PBXProject section */

/* Begin PBXResourcesBuildPhase section */
		3D8ACA8B215B9257000B7119 /* Resources */ = {
			isa = PBXResourcesBuildPhase;
			buildActionMask = 2147483647;
			files = (
				3D8ACA9B215B9257000B7119 /* LaunchScreen.storyboard in Resources */,
				3D8ACA98215B9257000B7119 /* Assets.xcassets in Resources */,
				3D8ACA96215B9257000B7119 /* Main.storyboard in Resources */,
			);
			runOnlyForDeploymentPostprocessing = 0;
		};
		3D8ACA9F215B9257000B7119 /* Resources */ = {
			isa = PBXResourcesBuildPhase;
			buildActionMask = 2147483647;
			files = (
			);
			runOnlyForDeploymentPostprocessing = 0;
		};
		3D8ACAAA215B9258000B7119 /* Resources */ = {
			isa = PBXResourcesBuildPhase;
			buildActionMask = 2147483647;
			files = (
			);
			runOnlyForDeploymentPostprocessing = 0;
		};
/* End PBXResourcesBuildPhase section */

/* Begin PBXSourcesBuildPhase section */
		3D8ACA89215B9257000B7119 /* Sources */ = {
			isa = PBXSourcesBuildPhase;
			buildActionMask = 2147483647;
			files = (
				3D8ACAC3215B9497000B7119 /* ViewController.swift in Sources */,
				3D1BD27C215CDC37000C6995 /* AlbumTableViewController.swift in Sources */,
				3D1BD276215CD305000C6995 /* ProgressTableViewController.swift in Sources */,
				3D1BD27A215CDBA3000C6995 /* StickersTableViewController.swift in Sources */,
				057DC78A215CEC7D0089BB55 /* AlbumViewCell.swift in Sources */,
				3D8ACA91215B9257000B7119 /* AppDelegate.swift in Sources */,
				3D1BD280215CE8E6000C6995 /* PopupViewController.swift in Sources */,
				3D1BD278215CD9B6000C6995 /* TrophiesTableViewController.swift in Sources */,
				3DF29674215BB0A9008F1B8B /* ProfileTableViewController.swift in Sources */,
				3D8ACAC1215B92E2000B7119 /* SWRevealViewController.m in Sources */,
				3D1BD27E215CDCB5000C6995 /* SettingsTableViewController.swift in Sources */,
			);
			runOnlyForDeploymentPostprocessing = 0;
		};
		3D8ACA9D215B9257000B7119 /* Sources */ = {
			isa = PBXSourcesBuildPhase;
			buildActionMask = 2147483647;
			files = (
				3D8ACAA6215B9258000B7119 /* homeappTests.swift in Sources */,
			);
			runOnlyForDeploymentPostprocessing = 0;
		};
		3D8ACAA8215B9258000B7119 /* Sources */ = {
			isa = PBXSourcesBuildPhase;
			buildActionMask = 2147483647;
			files = (
				3D8ACAB1215B9258000B7119 /* homeappUITests.swift in Sources */,
			);
			runOnlyForDeploymentPostprocessing = 0;
		};
/* End PBXSourcesBuildPhase section */

/* Begin PBXTargetDependency section */
		3D8ACAA3215B9257000B7119 /* PBXTargetDependency */ = {
			isa = PBXTargetDependency;
			target = 3D8ACA8C215B9257000B7119 /* homeapp */;
			targetProxy = 3D8ACAA2215B9257000B7119 /* PBXContainerItemProxy */;
		};
		3D8ACAAE215B9258000B7119 /* PBXTargetDependency */ = {
			isa = PBXTargetDependency;
			target = 3D8ACA8C215B9257000B7119 /* homeapp */;
			targetProxy = 3D8ACAAD215B9258000B7119 /* PBXContainerItemProxy */;
		};
/* End PBXTargetDependency section */

/* Begin PBXVariantGroup section */
		3D8ACA94215B9257000B7119 /* Main.storyboard */ = {
			isa = PBXVariantGroup;
			children = (
				3D8ACA95215B9257000B7119 /* Base */,
			);
			name = Main.storyboard;
			sourceTree = "<group>";
		};
		3D8ACA99215B9257000B7119 /* LaunchScreen.storyboard */ = {
			isa = PBXVariantGroup;
			children = (
				3D8ACA9A215B9257000B7119 /* Base */,
			);
			name = LaunchScreen.storyboard;
			sourceTree = "<group>";
		};
/* End PBXVariantGroup section */

/* Begin XCBuildConfiguration section */
		3D8ACAB3215B9258000B7119 /* Debug */ = {
			isa = XCBuildConfiguration;
			buildSettings = {
				ALWAYS_SEARCH_USER_PATHS = NO;
				CLANG_ANALYZER_NONNULL = YES;
				CLANG_ANALYZER_NUMBER_OBJECT_CONVERSION = YES_AGGRESSIVE;
				CLANG_CXX_LANGUAGE_STANDARD = "gnu++14";
				CLANG_CXX_LIBRARY = "libc++";
				CLANG_ENABLE_MODULES = YES;
				CLANG_ENABLE_OBJC_ARC = YES;
				CLANG_ENABLE_OBJC_WEAK = YES;
				CLANG_WARN_BLOCK_CAPTURE_AUTORELEASING = YES;
				CLANG_WARN_BOOL_CONVERSION = YES;
				CLANG_WARN_COMMA = YES;
				CLANG_WARN_CONSTANT_CONVERSION = YES;
				CLANG_WARN_DEPRECATED_OBJC_IMPLEMENTATIONS = YES;
				CLANG_WARN_DIRECT_OBJC_ISA_USAGE = YES_ERROR;
				CLANG_WARN_DOCUMENTATION_COMMENTS = YES;
				CLANG_WARN_EMPTY_BODY = YES;
				CLANG_WARN_ENUM_CONVERSION = YES;
				CLANG_WARN_INFINITE_RECURSION = YES;
				CLANG_WARN_INT_CONVERSION = YES;
				CLANG_WARN_NON_LITERAL_NULL_CONVERSION = YES;
				CLANG_WARN_OBJC_IMPLICIT_RETAIN_SELF = YES;
				CLANG_WARN_OBJC_LITERAL_CONVERSION = YES;
				CLANG_WARN_OBJC_ROOT_CLASS = YES_ERROR;
				CLANG_WARN_RANGE_LOOP_ANALYSIS = YES;
				CLANG_WARN_STRICT_PROTOTYPES = YES;
				CLANG_WARN_SUSPICIOUS_MOVE = YES;
				CLANG_WARN_UNGUARDED_AVAILABILITY = YES_AGGRESSIVE;
				CLANG_WARN_UNREACHABLE_CODE = YES;
				CLANG_WARN__DUPLICATE_METHOD_MATCH = YES;
				CODE_SIGN_IDENTITY = "iPhone Developer";
				COPY_PHASE_STRIP = NO;
				DEBUG_INFORMATION_FORMAT = dwarf;
				ENABLE_STRICT_OBJC_MSGSEND = YES;
				ENABLE_TESTABILITY = YES;
				GCC_C_LANGUAGE_STANDARD = gnu11;
				GCC_DYNAMIC_NO_PIC = NO;
				GCC_NO_COMMON_BLOCKS = YES;
				GCC_OPTIMIZATION_LEVEL = 0;
				GCC_PREPROCESSOR_DEFINITIONS = (
					"DEBUG=1",
					"$(inherited)",
				);
				GCC_WARN_64_TO_32_BIT_CONVERSION = YES;
				GCC_WARN_ABOUT_RETURN_TYPE = YES_ERROR;
				GCC_WARN_UNDECLARED_SELECTOR = YES;
				GCC_WARN_UNINITIALIZED_AUTOS = YES_AGGRESSIVE;
				GCC_WARN_UNUSED_FUNCTION = YES;
				GCC_WARN_UNUSED_VARIABLE = YES;
				IPHONEOS_DEPLOYMENT_TARGET = 11.4;
				MTL_ENABLE_DEBUG_INFO = YES;
				ONLY_ACTIVE_ARCH = YES;
				SDKROOT = iphoneos;
				SWIFT_ACTIVE_COMPILATION_CONDITIONS = DEBUG;
				SWIFT_OPTIMIZATION_LEVEL = "-Onone";
			};
			name = Debug;
		};
		3D8ACAB4215B9258000B7119 /* Release */ = {
			isa = XCBuildConfiguration;
			buildSettings = {
				ALWAYS_SEARCH_USER_PATHS = NO;
				CLANG_ANALYZER_NONNULL = YES;
				CLANG_ANALYZER_NUMBER_OBJECT_CONVERSION = YES_AGGRESSIVE;
				CLANG_CXX_LANGUAGE_STANDARD = "gnu++14";
				CLANG_CXX_LIBRARY = "libc++";
				CLANG_ENABLE_MODULES = YES;
				CLANG_ENABLE_OBJC_ARC = YES;
				CLANG_ENABLE_OBJC_WEAK = YES;
				CLANG_WARN_BLOCK_CAPTURE_AUTORELEASING = YES;
				CLANG_WARN_BOOL_CONVERSION = YES;
				CLANG_WARN_COMMA = YES;
				CLANG_WARN_CONSTANT_CONVERSION = YES;
				CLANG_WARN_DEPRECATED_OBJC_IMPLEMENTATIONS = YES;
				CLANG_WARN_DIRECT_OBJC_ISA_USAGE = YES_ERROR;
				CLANG_WARN_DOCUMENTATION_COMMENTS = YES;
				CLANG_WARN_EMPTY_BODY = YES;
				CLANG_WARN_ENUM_CONVERSION = YES;
				CLANG_WARN_INFINITE_RECURSION = YES;
				CLANG_WARN_INT_CONVERSION = YES;
				CLANG_WARN_NON_LITERAL_NULL_CONVERSION = YES;
				CLANG_WARN_OBJC_IMPLICIT_RETAIN_SELF = YES;
				CLANG_WARN_OBJC_LITERAL_CONVERSION = YES;
				CLANG_WARN_OBJC_ROOT_CLASS = YES_ERROR;
				CLANG_WARN_RANGE_LOOP_ANALYSIS = YES;
				CLANG_WARN_STRICT_PROTOTYPES = YES;
				CLANG_WARN_SUSPICIOUS_MOVE = YES;
				CLANG_WARN_UNGUARDED_AVAILABILITY = YES_AGGRESSIVE;
				CLANG_WARN_UNREACHABLE_CODE = YES;
				CLANG_WARN__DUPLICATE_METHOD_MATCH = YES;
				CODE_SIGN_IDENTITY = "iPhone Developer";
				COPY_PHASE_STRIP = NO;
				DEBUG_INFORMATION_FORMAT = "dwarf-with-dsym";
				ENABLE_NS_ASSERTIONS = NO;
				ENABLE_STRICT_OBJC_MSGSEND = YES;
				GCC_C_LANGUAGE_STANDARD = gnu11;
				GCC_NO_COMMON_BLOCKS = YES;
				GCC_WARN_64_TO_32_BIT_CONVERSION = YES;
				GCC_WARN_ABOUT_RETURN_TYPE = YES_ERROR;
				GCC_WARN_UNDECLARED_SELECTOR = YES;
				GCC_WARN_UNINITIALIZED_AUTOS = YES_AGGRESSIVE;
				GCC_WARN_UNUSED_FUNCTION = YES;
				GCC_WARN_UNUSED_VARIABLE = YES;
				IPHONEOS_DEPLOYMENT_TARGET = 11.4;
				MTL_ENABLE_DEBUG_INFO = NO;
				SDKROOT = iphoneos;
				SWIFT_COMPILATION_MODE = wholemodule;
				SWIFT_OPTIMIZATION_LEVEL = "-O";
				VALIDATE_PRODUCT = YES;
			};
			name = Release;
		};
		3D8ACAB6215B9258000B7119 /* Debug */ = {
			isa = XCBuildConfiguration;
			buildSettings = {
				ASSETCATALOG_COMPILER_APPICON_NAME = AppIcon;
				CLANG_ENABLE_MODULES = YES;
				CODE_SIGN_STYLE = Automatic;
				DEVELOPMENT_TEAM = 93JF9LS6ZY;
				INFOPLIST_FILE = homeapp/Info.plist;
				LD_RUNPATH_SEARCH_PATHS = (
					"$(inherited)",
					"@executable_path/Frameworks",
				);
				PRODUCT_BUNDLE_IDENTIFIER = it.parthenope.iosdeveloper.homeapp;
				PRODUCT_NAME = "$(TARGET_NAME)";
				SWIFT_OBJC_BRIDGING_HEADER = "homeapp/homeapp-Bridging-Header.h";
				SWIFT_OPTIMIZATION_LEVEL = "-Onone";
				SWIFT_VERSION = 4.0;
				TARGETED_DEVICE_FAMILY = "1,2";
			};
			name = Debug;
		};
		3D8ACAB7215B9258000B7119 /* Release */ = {
			isa = XCBuildConfiguration;
			buildSettings = {
				ASSETCATALOG_COMPILER_APPICON_NAME = AppIcon;
				CLANG_ENABLE_MODULES = YES;
				CODE_SIGN_STYLE = Automatic;
				DEVELOPMENT_TEAM = 93JF9LS6ZY;
				INFOPLIST_FILE = homeapp/Info.plist;
				LD_RUNPATH_SEARCH_PATHS = (
					"$(inherited)",
					"@executable_path/Frameworks",
				);
				PRODUCT_BUNDLE_IDENTIFIER = it.parthenope.iosdeveloper.homeapp;
				PRODUCT_NAME = "$(TARGET_NAME)";
				SWIFT_OBJC_BRIDGING_HEADER = "homeapp/homeapp-Bridging-Header.h";
				SWIFT_VERSION = 4.0;
				TARGETED_DEVICE_FAMILY = "1,2";
			};
			name = Release;
		};
		3D8ACAB9215B9258000B7119 /* Debug */ = {
			isa = XCBuildConfiguration;
			buildSettings = {
				ALWAYS_EMBED_SWIFT_STANDARD_LIBRARIES = YES;
				BUNDLE_LOADER = "$(TEST_HOST)";
				CODE_SIGN_STYLE = Automatic;
				DEVELOPMENT_TEAM = 93JF9LS6ZY;
				INFOPLIST_FILE = homeappTests/Info.plist;
				LD_RUNPATH_SEARCH_PATHS = (
					"$(inherited)",
					"@executable_path/Frameworks",
					"@loader_path/Frameworks",
				);
				PRODUCT_BUNDLE_IDENTIFIER = it.parthenope.iosdeveloper.homeappTests;
				PRODUCT_NAME = "$(TARGET_NAME)";
				SWIFT_VERSION = 4.0;
				TARGETED_DEVICE_FAMILY = "1,2";
				TEST_HOST = "$(BUILT_PRODUCTS_DIR)/homeapp.app/homeapp";
			};
			name = Debug;
		};
		3D8ACABA215B9258000B7119 /* Release */ = {
			isa = XCBuildConfiguration;
			buildSettings = {
				ALWAYS_EMBED_SWIFT_STANDARD_LIBRARIES = YES;
				BUNDLE_LOADER = "$(TEST_HOST)";
				CODE_SIGN_STYLE = Automatic;
				DEVELOPMENT_TEAM = 93JF9LS6ZY;
				INFOPLIST_FILE = homeappTests/Info.plist;
				LD_RUNPATH_SEARCH_PATHS = (
					"$(inherited)",
					"@executable_path/Frameworks",
					"@loader_path/Frameworks",
				);
				PRODUCT_BUNDLE_IDENTIFIER = it.parthenope.iosdeveloper.homeappTests;
				PRODUCT_NAME = "$(TARGET_NAME)";
				SWIFT_VERSION = 4.0;
				TARGETED_DEVICE_FAMILY = "1,2";
				TEST_HOST = "$(BUILT_PRODUCTS_DIR)/homeapp.app/homeapp";
			};
			name = Release;
		};
		3D8ACABC215B9258000B7119 /* Debug */ = {
			isa = XCBuildConfiguration;
			buildSettings = {
				ALWAYS_EMBED_SWIFT_STANDARD_LIBRARIES = YES;
				CODE_SIGN_STYLE = Automatic;
				DEVELOPMENT_TEAM = 93JF9LS6ZY;
				INFOPLIST_FILE = homeappUITests/Info.plist;
				LD_RUNPATH_SEARCH_PATHS = (
					"$(inherited)",
					"@executable_path/Frameworks",
					"@loader_path/Frameworks",
				);
				PRODUCT_BUNDLE_IDENTIFIER = it.parthenope.iosdeveloper.homeappUITests;
				PRODUCT_NAME = "$(TARGET_NAME)";
				SWIFT_VERSION = 4.0;
				TARGETED_DEVICE_FAMILY = "1,2";
				TEST_TARGET_NAME = homeapp;
			};
			name = Debug;
		};
		3D8ACABD215B9258000B7119 /* Release */ = {
			isa = XCBuildConfiguration;
			buildSettings = {
				ALWAYS_EMBED_SWIFT_STANDARD_LIBRARIES = YES;
				CODE_SIGN_STYLE = Automatic;
				DEVELOPMENT_TEAM = 93JF9LS6ZY;
				INFOPLIST_FILE = homeappUITests/Info.plist;
				LD_RUNPATH_SEARCH_PATHS = (
					"$(inherited)",
					"@executable_path/Frameworks",
					"@loader_path/Frameworks",
				);
				PRODUCT_BUNDLE_IDENTIFIER = it.parthenope.iosdeveloper.homeappUITests;
				PRODUCT_NAME = "$(TARGET_NAME)";
				SWIFT_VERSION = 4.0;
				TARGETED_DEVICE_FAMILY = "1,2";
				TEST_TARGET_NAME = homeapp;
			};
			name = Release;
		};
/* End XCBuildConfiguration section */

/* Begin XCConfigurationList section */
		3D8ACA88215B9257000B7119 /* Build configuration list for PBXProject "homeapp" */ = {
			isa = XCConfigurationList;
			buildConfigurations = (
				3D8ACAB3215B9258000B7119 /* Debug */,
				3D8ACAB4215B9258000B7119 /* Release */,
			);
			defaultConfigurationIsVisible = 0;
			defaultConfigurationName = Release;
		};
		3D8ACAB5215B9258000B7119 /* Build configuration list for PBXNativeTarget "homeapp" */ = {
			isa = XCConfigurationList;
			buildConfigurations = (
				3D8ACAB6215B9258000B7119 /* Debug */,
				3D8ACAB7215B9258000B7119 /* Release */,
			);
			defaultConfigurationIsVisible = 0;
			defaultConfigurationName = Release;
		};
		3D8ACAB8215B9258000B7119 /* Build configuration list for PBXNativeTarget "homeappTests" */ = {
			isa = XCConfigurationList;
			buildConfigurations = (
				3D8ACAB9215B9258000B7119 /* Debug */,
				3D8ACABA215B9258000B7119 /* Release */,
			);
			defaultConfigurationIsVisible = 0;
			defaultConfigurationName = Release;
		};
		3D8ACABB215B9258000B7119 /* Build configuration list for PBXNativeTarget "homeappUITests" */ = {
			isa = XCConfigurationList;
			buildConfigurations = (
				3D8ACABC215B9258000B7119 /* Debug */,
				3D8ACABD215B9258000B7119 /* Release */,
			);
			defaultConfigurationIsVisible = 0;
			defaultConfigurationName = Release;
		};
/* End XCConfigurationList section */
	};
	rootObject = 3D8ACA85215B9257000B7119 /* Project object */;
}
